{
  "requires": true,
  "lockfileVersion": 1,
  "dependencies": {
    "@ionic/angular": {
      "version": "6.5.2",
      "resolved": "https://registry.npmjs.org/@ionic/angular/-/angular-6.5.2.tgz",
      "integrity": "sha512-Y49DVXnPr0d9I8iqd/JpBqBcHG7smSJ3p6F8xJkRDYTjQaq8Yp9H/QTlf1+nsFeXQZ/fqSlVJWpJjPOWqP9C1Q==",
      "requires": {
        "@ionic/core": "6.5.2",
        "ionicons": "^6.1.1",
        "jsonc-parser": "^3.0.0",
        "tslib": "^2.0.0"
      }
    },
    "@ionic/core": {
      "version": "6.5.2",
      "resolved": "https://registry.npmjs.org/@ionic/core/-/core-6.5.2.tgz",
      "integrity": "sha512-9SQedXM0Hohy6ydgJVA22Ls6DeDgVJdlUHgaxQUNhtqIZuCqbaYZMEoanflMc852qkIyQtF25Zh7Q2wIVZveWw==",
      "requires": {
        "@stencil/core": "^2.18.0",
        "ionicons": "^6.1.1",
        "tslib": "^2.1.0"
      }
    },
    "@stencil/core": {
      "version": "2.22.2",
      "resolved": "https://registry.npmjs.org/@stencil/core/-/core-2.22.2.tgz",
      "integrity": "sha512-r+vbxsGNcBaV1VDOYW25lv4QfXTlNoIb5GpUX7rZ+cr59yqYCZC5tlV+IzX6YgHKW62ulCc9M3RYtTfHtNbNNw=="
    },
    "ionicons": {
      "version": "6.1.1",
      "resolved": "https://registry.npmjs.org/ionicons/-/ionicons-6.1.1.tgz",
      "integrity": "sha512-Qe6mx25DFNwA9UL1rhewI5StI3uD4+BqB2KdvLjyWhtvoUXwyAsmfHLZuDANAHQowIKtTt6BZCt5/g5NIQ635Q==",
      "requires": {
        "@stencil/core": "^2.18.0"
      }
    },
    "jsonc-parser": {
      "version": "3.2.0",
      "resolved": "https://registry.npmjs.org/jsonc-parser/-/jsonc-parser-3.2.0.tgz",
      "integrity": "sha512-gfFQZrcTc8CnKXp6Y4/CBT3fTc0OVuDofpre4aEeEpSBPV5X5v4+Vmx+8snU7RLPrNHPKSgLxGo9YuQzz20o+w=="
    },
    "tslib": {
      "version": "2.5.0",
      "resolved": "https://registry.npmjs.org/tslib/-/tslib-2.5.0.tgz",
      "integrity": "sha512-336iVw3rtn2BUK7ORdIAHTyxHGRIHVReokCR3XjbckJMK7ms8FysBfhLR8IXnAgy7T0PTPNBWKiH514FOW/WSg=="
    }
  }
}
